
Microsoft Visual Studio Solution File, Format Version 12.00
# Visual Studio Version 17
VisualStudioVersion = 17.9.34728.123
MinimumVisualStudioVersion = 10.0.40219.1
Project("{9A19103F-16F7-4668-BE54-9A1E7A4F7556}") = "API", "API\API.csproj", "{F185A870-DA42-4D48-8326-0953970C9037}"
EndProject
Global
	GlobalSection(SolutionConfigurationPlatforms) = preSolution
		Debug|Any CPU = Debug|Any CPU
		Release|Any CPU = Release|Any CPU
	EndGlobalSection
	GlobalSection(ProjectConfigurationPlatforms) = postSolution
		{F185A870-DA42-4D48-8326-0953970C9037}.Debug|Any CPU.ActiveCfg = Debug|Any CPU
		{F185A870-DA42-4D48-8326-0953970C9037}.Debug|Any CPU.Build.0 = Debug|Any CPU
		{F185A870-DA42-4D48-8326-0953970C9037}.Release|Any CPU.ActiveCfg = Release|Any CPU
		{F185A870-DA42-4D48-8326-0953970C9037}.Release|Any CPU.Build.0 = Release|Any CPU
	EndGlobalSection
	GlobalSection(SolutionProperties) = preSolution
		HideSolutionNode = FALSE
	EndGlobalSection
	GlobalSection(ExtensibilityGlobals) = postSolution
		SolutionGuid = {4356E9C5-0756-4A4E-9697-861C53ED2826}
	EndGlobalSection
EndGlobal
